
Microsoft Visual Studio Solution File, Format Version 12.00
# Visual Studio Version 16
VisualStudioVersion = 16.0.29519.181
MinimumVisualStudioVersion = 10.0.40219.1
Project("{FAE04EC0-301F-11D3-BF4B-00C04F79EFBC}") = "ConsoleApp1", "ConsoleApp1\ConsoleApp1.csproj", "{6BA765C0-CB50-45FA-807A-81B41C09517B}"
EndProject
Global
	GlobalSection(SolutionConfigurationPlatforms) = preSolution
		Debug|Any CPU = Debug|Any CPU
		Release|Any CPU = Release|Any CPU
	EndGlobalSection
	GlobalSection(ProjectConfigurationPlatforms) = postSolution
		{6BA765C0-CB50-45FA-807A-81B41C09517B}.Debug|Any CPU.ActiveCfg = Debug|Any CPU
		{6BA765C0-CB50-45FA-807A-81B41C09517B}.Debug|Any CPU.Build.0 = Debug|Any CPU
		{6BA765C0-CB50-45FA-807A-81B41C09517B}.Release|Any CPU.ActiveCfg = Release|Any CPU
		{6BA765C0-CB50-45FA-807A-81B41C09517B}.Release|Any CPU.Build.0 = Release|Any CPU
	EndGlobalSection
	GlobalSection(SolutionProperties) = preSolution
		HideSolutionNode = FALSE
	EndGlobalSection
	GlobalSection(ExtensibilityGlobals) = postSolution
		SolutionGuid = {C44C5AFC-84E1-4052-8A57-4FB64C5AD830}
	EndGlobalSection
EndGlobal
