
Microsoft Visual Studio Solution File, Format Version 12.00
# Visual Studio Version 16
VisualStudioVersion = 16.0.29519.181
MinimumVisualStudioVersion = 10.0.40219.1
Project("{FAE04EC0-301F-11D3-BF4B-00C04F79EFBC}") = "ConsoleApp1", "ConsoleApp1\ConsoleApp1.csproj", "{C516FA35-181C-432A-9126-575C148FE1ED}"
EndProject
Global
	GlobalSection(SolutionConfigurationPlatforms) = preSolution
		Debug|Any CPU = Debug|Any CPU
		Release|Any CPU = Release|Any CPU
	EndGlobalSection
	GlobalSection(ProjectConfigurationPlatforms) = postSolution
		{C516FA35-181C-432A-9126-575C148FE1ED}.Debug|Any CPU.ActiveCfg = Debug|Any CPU
		{C516FA35-181C-432A-9126-575C148FE1ED}.Debug|Any CPU.Build.0 = Debug|Any CPU
		{C516FA35-181C-432A-9126-575C148FE1ED}.Release|Any CPU.ActiveCfg = Release|Any CPU
		{C516FA35-181C-432A-9126-575C148FE1ED}.Release|Any CPU.Build.0 = Release|Any CPU
	EndGlobalSection
	GlobalSection(SolutionProperties) = preSolution
		HideSolutionNode = FALSE
	EndGlobalSection
	GlobalSection(ExtensibilityGlobals) = postSolution
		SolutionGuid = {1328ECE2-187D-488C-817C-F4EE1AC6DAAD}
	EndGlobalSection
EndGlobal
