
Microsoft Visual Studio Solution File, Format Version 12.00
# Visual Studio Version 16
VisualStudioVersion = 16.0.30413.136
MinimumVisualStudioVersion = 10.0.40219.1
Project("{FAE04EC0-301F-11D3-BF4B-00C04F79EFBC}") = "JuicePackagingApp", "JuicePackagingApp\JuicePackagingApp.csproj", "{1C32EC2C-39D4-4E65-BFED-93380D1625E4}"
EndProject
Global
	GlobalSection(SolutionConfigurationPlatforms) = preSolution
		Debug|Any CPU = Debug|Any CPU
		Release|Any CPU = Release|Any CPU
	EndGlobalSection
	GlobalSection(ProjectConfigurationPlatforms) = postSolution
		{1C32EC2C-39D4-4E65-BFED-93380D1625E4}.Debug|Any CPU.ActiveCfg = Debug|Any CPU
		{1C32EC2C-39D4-4E65-BFED-93380D1625E4}.Debug|Any CPU.Build.0 = Debug|Any CPU
		{1C32EC2C-39D4-4E65-BFED-93380D1625E4}.Release|Any CPU.ActiveCfg = Release|Any CPU
		{1C32EC2C-39D4-4E65-BFED-93380D1625E4}.Release|Any CPU.Build.0 = Release|Any CPU
	EndGlobalSection
	GlobalSection(SolutionProperties) = preSolution
		HideSolutionNode = FALSE
	EndGlobalSection
	GlobalSection(ExtensibilityGlobals) = postSolution
		SolutionGuid = {3A02AA98-676B-4B8F-956B-1F618A2368F4}
	EndGlobalSection
EndGlobal
