
Microsoft Visual Studio Solution File, Format Version 12.00
# Visual Studio Version 16
VisualStudioVersion = 16.0.29519.181
MinimumVisualStudioVersion = 10.0.40219.1
Project("{9A19103F-16F7-4668-BE54-9A1E7A4F7556}") = "Reminder.Storage", "Reminder.Storage\Reminder.Storage.csproj", "{AF92A6DB-951C-4326-BFB0-02A186909441}"
EndProject
Project("{9A19103F-16F7-4668-BE54-9A1E7A4F7556}") = "Reminder.Storage.Memory", "Reminder.Storage.Memory\Reminder.Storage.Memory.csproj", "{06075E4A-CF26-43B8-80C8-125CDF18A73E}"
EndProject
Project("{9A19103F-16F7-4668-BE54-9A1E7A4F7556}") = "Reminder.Storage.Memory.Tests", "Reminder.Storage.Memory.Tests\Reminder.Storage.Memory.Tests.csproj", "{AF6AA24A-66D8-49CE-8BC5-5B2282A5BCF8}"
EndProject
Project("{9A19103F-16F7-4668-BE54-9A1E7A4F7556}") = "Reminder.Domain", "Reminder.Domain\Reminder.Domain.csproj", "{D5D7803D-BB94-4450-92B0-4376FC7635B0}"
EndProject
Project("{9A19103F-16F7-4668-BE54-9A1E7A4F7556}") = "Reminder", "Reminder\Reminder.csproj", "{06BF130F-25CC-4AC7-8DB0-93D21E002B20}"
EndProject
Project("{9A19103F-16F7-4668-BE54-9A1E7A4F7556}") = "Reminder.Domain.Tests", "Reminder.Domain.Tests\Reminder.Domain.Tests.csproj", "{AEDD73B5-638E-4DC2-B40B-9175E0A06C10}"
EndProject
Project("{9A19103F-16F7-4668-BE54-9A1E7A4F7556}") = "Reminder.Tests", "Reminder.Tests\Reminder.Tests.csproj", "{6DA7FF5C-EB59-4DA0-9100-B48572463AD5}"
EndProject
Project("{9A19103F-16F7-4668-BE54-9A1E7A4F7556}") = "Reminder.Sender", "Reminder.Sender\Reminder.Sender.csproj", "{396E9AC4-7BD7-4CE8-ABF5-9D48264E2455}"
EndProject
Project("{9A19103F-16F7-4668-BE54-9A1E7A4F7556}") = "Reminder.Receiver", "Reminder.Receiver\Reminder.Receiver.csproj", "{97BFC17C-9CFE-4B05-A3ED-C2A88C2C9F3C}"
EndProject
Project("{9A19103F-16F7-4668-BE54-9A1E7A4F7556}") = "Reminder.WebApi", "Reminder.WebApi\Reminder.WebApi.csproj", "{278672B6-8F67-4D89-BF8A-372775825A42}"
EndProject
Project("{2150E333-8FDC-42A3-9474-1A3956D46DE8}") = "storage", "storage", "{9BDA7BB2-AB94-403B-9CBA-DEFB0E8B4EC5}"
EndProject
Project("{2150E333-8FDC-42A3-9474-1A3956D46DE8}") = "tests", "tests", "{47E4B02A-30BE-4E00-A627-BE2C083535B1}"
EndProject
Project("{2150E333-8FDC-42A3-9474-1A3956D46DE8}") = "telegram", "telegram", "{0CF77F51-99F7-42D3-9AFF-107F9E7D45F4}"
EndProject
Project("{9A19103F-16F7-4668-BE54-9A1E7A4F7556}") = "Reminder.Receiver.Telegram", "Reminder.Receiver.Telegram\Reminder.Receiver.Telegram.csproj", "{83268CB4-938B-4315-8382-9EE4D6D20DD8}"
EndProject
Project("{9A19103F-16F7-4668-BE54-9A1E7A4F7556}") = "Reminder.Sender.Telegram", "Reminder.Sender.Telegram\Reminder.Sender.Telegram.csproj", "{5C78F8B9-1D8A-4F99-AE0E-4E1F04C28185}"
EndProject
Project("{FAE04EC0-301F-11D3-BF4B-00C04F79EFBC}") = "Reminder.Storage.WebApi", "Reminder.Storage.WebApi\Reminder.Storage.WebApi.csproj", "{7D724DED-D794-43C1-B5C3-04F2FC15C0D2}"
EndProject
Global
	GlobalSection(SolutionConfigurationPlatforms) = preSolution
		Debug|Any CPU = Debug|Any CPU
		Release|Any CPU = Release|Any CPU
	EndGlobalSection
	GlobalSection(ProjectConfigurationPlatforms) = postSolution
		{AF92A6DB-951C-4326-BFB0-02A186909441}.Debug|Any CPU.ActiveCfg = Debug|Any CPU
		{AF92A6DB-951C-4326-BFB0-02A186909441}.Debug|Any CPU.Build.0 = Debug|Any CPU
		{AF92A6DB-951C-4326-BFB0-02A186909441}.Release|Any CPU.ActiveCfg = Release|Any CPU
		{AF92A6DB-951C-4326-BFB0-02A186909441}.Release|Any CPU.Build.0 = Release|Any CPU
		{06075E4A-CF26-43B8-80C8-125CDF18A73E}.Debug|Any CPU.ActiveCfg = Debug|Any CPU
		{06075E4A-CF26-43B8-80C8-125CDF18A73E}.Debug|Any CPU.Build.0 = Debug|Any CPU
		{06075E4A-CF26-43B8-80C8-125CDF18A73E}.Release|Any CPU.ActiveCfg = Release|Any CPU
		{06075E4A-CF26-43B8-80C8-125CDF18A73E}.Release|Any CPU.Build.0 = Release|Any CPU
		{AF6AA24A-66D8-49CE-8BC5-5B2282A5BCF8}.Debug|Any CPU.ActiveCfg = Debug|Any CPU
		{AF6AA24A-66D8-49CE-8BC5-5B2282A5BCF8}.Debug|Any CPU.Build.0 = Debug|Any CPU
		{AF6AA24A-66D8-49CE-8BC5-5B2282A5BCF8}.Release|Any CPU.ActiveCfg = Release|Any CPU
		{AF6AA24A-66D8-49CE-8BC5-5B2282A5BCF8}.Release|Any CPU.Build.0 = Release|Any CPU
		{D5D7803D-BB94-4450-92B0-4376FC7635B0}.Debug|Any CPU.ActiveCfg = Debug|Any CPU
		{D5D7803D-BB94-4450-92B0-4376FC7635B0}.Debug|Any CPU.Build.0 = Debug|Any CPU
		{D5D7803D-BB94-4450-92B0-4376FC7635B0}.Release|Any CPU.ActiveCfg = Release|Any CPU
		{D5D7803D-BB94-4450-92B0-4376FC7635B0}.Release|Any CPU.Build.0 = Release|Any CPU
		{06BF130F-25CC-4AC7-8DB0-93D21E002B20}.Debug|Any CPU.ActiveCfg = Debug|Any CPU
		{06BF130F-25CC-4AC7-8DB0-93D21E002B20}.Debug|Any CPU.Build.0 = Debug|Any CPU
		{06BF130F-25CC-4AC7-8DB0-93D21E002B20}.Release|Any CPU.ActiveCfg = Release|Any CPU
		{06BF130F-25CC-4AC7-8DB0-93D21E002B20}.Release|Any CPU.Build.0 = Release|Any CPU
		{AEDD73B5-638E-4DC2-B40B-9175E0A06C10}.Debug|Any CPU.ActiveCfg = Debug|Any CPU
		{AEDD73B5-638E-4DC2-B40B-9175E0A06C10}.Debug|Any CPU.Build.0 = Debug|Any CPU
		{AEDD73B5-638E-4DC2-B40B-9175E0A06C10}.Release|Any CPU.ActiveCfg = Release|Any CPU
		{AEDD73B5-638E-4DC2-B40B-9175E0A06C10}.Release|Any CPU.Build.0 = Release|Any CPU
		{6DA7FF5C-EB59-4DA0-9100-B48572463AD5}.Debug|Any CPU.ActiveCfg = Debug|Any CPU
		{6DA7FF5C-EB59-4DA0-9100-B48572463AD5}.Debug|Any CPU.Build.0 = Debug|Any CPU
		{6DA7FF5C-EB59-4DA0-9100-B48572463AD5}.Release|Any CPU.ActiveCfg = Release|Any CPU
		{6DA7FF5C-EB59-4DA0-9100-B48572463AD5}.Release|Any CPU.Build.0 = Release|Any CPU
		{396E9AC4-7BD7-4CE8-ABF5-9D48264E2455}.Debug|Any CPU.ActiveCfg = Debug|Any CPU
		{396E9AC4-7BD7-4CE8-ABF5-9D48264E2455}.Debug|Any CPU.Build.0 = Debug|Any CPU
		{396E9AC4-7BD7-4CE8-ABF5-9D48264E2455}.Release|Any CPU.ActiveCfg = Release|Any CPU
		{396E9AC4-7BD7-4CE8-ABF5-9D48264E2455}.Release|Any CPU.Build.0 = Release|Any CPU
		{97BFC17C-9CFE-4B05-A3ED-C2A88C2C9F3C}.Debug|Any CPU.ActiveCfg = Debug|Any CPU
		{97BFC17C-9CFE-4B05-A3ED-C2A88C2C9F3C}.Debug|Any CPU.Build.0 = Debug|Any CPU
		{97BFC17C-9CFE-4B05-A3ED-C2A88C2C9F3C}.Release|Any CPU.ActiveCfg = Release|Any CPU
		{97BFC17C-9CFE-4B05-A3ED-C2A88C2C9F3C}.Release|Any CPU.Build.0 = Release|Any CPU
		{278672B6-8F67-4D89-BF8A-372775825A42}.Debug|Any CPU.ActiveCfg = Debug|Any CPU
		{278672B6-8F67-4D89-BF8A-372775825A42}.Debug|Any CPU.Build.0 = Debug|Any CPU
		{278672B6-8F67-4D89-BF8A-372775825A42}.Release|Any CPU.ActiveCfg = Release|Any CPU
		{278672B6-8F67-4D89-BF8A-372775825A42}.Release|Any CPU.Build.0 = Release|Any CPU
		{83268CB4-938B-4315-8382-9EE4D6D20DD8}.Debug|Any CPU.ActiveCfg = Debug|Any CPU
		{83268CB4-938B-4315-8382-9EE4D6D20DD8}.Debug|Any CPU.Build.0 = Debug|Any CPU
		{83268CB4-938B-4315-8382-9EE4D6D20DD8}.Release|Any CPU.ActiveCfg = Release|Any CPU
		{83268CB4-938B-4315-8382-9EE4D6D20DD8}.Release|Any CPU.Build.0 = Release|Any CPU
		{5C78F8B9-1D8A-4F99-AE0E-4E1F04C28185}.Debug|Any CPU.ActiveCfg = Debug|Any CPU
		{5C78F8B9-1D8A-4F99-AE0E-4E1F04C28185}.Debug|Any CPU.Build.0 = Debug|Any CPU
		{5C78F8B9-1D8A-4F99-AE0E-4E1F04C28185}.Release|Any CPU.ActiveCfg = Release|Any CPU
		{5C78F8B9-1D8A-4F99-AE0E-4E1F04C28185}.Release|Any CPU.Build.0 = Release|Any CPU
		{7D724DED-D794-43C1-B5C3-04F2FC15C0D2}.Debug|Any CPU.ActiveCfg = Debug|Any CPU
		{7D724DED-D794-43C1-B5C3-04F2FC15C0D2}.Debug|Any CPU.Build.0 = Debug|Any CPU
		{7D724DED-D794-43C1-B5C3-04F2FC15C0D2}.Release|Any CPU.ActiveCfg = Release|Any CPU
		{7D724DED-D794-43C1-B5C3-04F2FC15C0D2}.Release|Any CPU.Build.0 = Release|Any CPU
	EndGlobalSection
	GlobalSection(SolutionProperties) = preSolution
		HideSolutionNode = FALSE
	EndGlobalSection
	GlobalSection(NestedProjects) = preSolution
		{06075E4A-CF26-43B8-80C8-125CDF18A73E} = {9BDA7BB2-AB94-403B-9CBA-DEFB0E8B4EC5}
		{AF6AA24A-66D8-49CE-8BC5-5B2282A5BCF8} = {47E4B02A-30BE-4E00-A627-BE2C083535B1}
		{AEDD73B5-638E-4DC2-B40B-9175E0A06C10} = {47E4B02A-30BE-4E00-A627-BE2C083535B1}
		{6DA7FF5C-EB59-4DA0-9100-B48572463AD5} = {47E4B02A-30BE-4E00-A627-BE2C083535B1}
		{83268CB4-938B-4315-8382-9EE4D6D20DD8} = {0CF77F51-99F7-42D3-9AFF-107F9E7D45F4}
		{5C78F8B9-1D8A-4F99-AE0E-4E1F04C28185} = {0CF77F51-99F7-42D3-9AFF-107F9E7D45F4}
		{7D724DED-D794-43C1-B5C3-04F2FC15C0D2} = {9BDA7BB2-AB94-403B-9CBA-DEFB0E8B4EC5}
	EndGlobalSection
	GlobalSection(ExtensibilityGlobals) = postSolution
		SolutionGuid = {35F69240-6C6B-4E6B-B2E6-6F0B18DDC3F2}
	EndGlobalSection
EndGlobal
