
Microsoft Visual Studio Solution File, Format Version 12.00
# Visual Studio Version 16
VisualStudioVersion = 16.0.29519.181
MinimumVisualStudioVersion = 10.0.40219.1
Project("{FAE04EC0-301F-11D3-BF4B-00C04F79EFBC}") = "ConsoleApp1", "ConsoleApp1\ConsoleApp1.csproj", "{40AFD8AE-32AB-4B59-A61B-70F1859AC86F}"
EndProject
Global
	GlobalSection(SolutionConfigurationPlatforms) = preSolution
		Debug|Any CPU = Debug|Any CPU
		Release|Any CPU = Release|Any CPU
	EndGlobalSection
	GlobalSection(ProjectConfigurationPlatforms) = postSolution
		{40AFD8AE-32AB-4B59-A61B-70F1859AC86F}.Debug|Any CPU.ActiveCfg = Debug|Any CPU
		{40AFD8AE-32AB-4B59-A61B-70F1859AC86F}.Debug|Any CPU.Build.0 = Debug|Any CPU
		{40AFD8AE-32AB-4B59-A61B-70F1859AC86F}.Release|Any CPU.ActiveCfg = Release|Any CPU
		{40AFD8AE-32AB-4B59-A61B-70F1859AC86F}.Release|Any CPU.Build.0 = Release|Any CPU
	EndGlobalSection
	GlobalSection(SolutionProperties) = preSolution
		HideSolutionNode = FALSE
	EndGlobalSection
	GlobalSection(ExtensibilityGlobals) = postSolution
		SolutionGuid = {7F9EBF50-F607-4162-991E-D50DE98896C4}
	EndGlobalSection
EndGlobal
