
Microsoft Visual Studio Solution File, Format Version 12.00
# Visual Studio Version 16
VisualStudioVersion = 16.0.30413.136
MinimumVisualStudioVersion = 10.0.40219.1
Project("{FAE04EC0-301F-11D3-BF4B-00C04F79EFBC}") = "ConsoleApp1", "ConsoleApp1\ConsoleApp1.csproj", "{BA388D44-4251-4FEE-86ED-92BACA20CABD}"
EndProject
Project("{FAE04EC0-301F-11D3-BF4B-00C04F79EFBC}") = "ConsoleApp2", "ConsoleApp2\ConsoleApp2.csproj", "{44DDFB0D-6740-48FA-B3BE-FFECCE3E11DC}"
EndProject
Global
	GlobalSection(SolutionConfigurationPlatforms) = preSolution
		Debug|Any CPU = Debug|Any CPU
		Release|Any CPU = Release|Any CPU
	EndGlobalSection
	GlobalSection(ProjectConfigurationPlatforms) = postSolution
		{BA388D44-4251-4FEE-86ED-92BACA20CABD}.Debug|Any CPU.ActiveCfg = Debug|Any CPU
		{BA388D44-4251-4FEE-86ED-92BACA20CABD}.Debug|Any CPU.Build.0 = Debug|Any CPU
		{BA388D44-4251-4FEE-86ED-92BACA20CABD}.Release|Any CPU.ActiveCfg = Release|Any CPU
		{BA388D44-4251-4FEE-86ED-92BACA20CABD}.Release|Any CPU.Build.0 = Release|Any CPU
		{44DDFB0D-6740-48FA-B3BE-FFECCE3E11DC}.Debug|Any CPU.ActiveCfg = Debug|Any CPU
		{44DDFB0D-6740-48FA-B3BE-FFECCE3E11DC}.Debug|Any CPU.Build.0 = Debug|Any CPU
		{44DDFB0D-6740-48FA-B3BE-FFECCE3E11DC}.Release|Any CPU.ActiveCfg = Release|Any CPU
		{44DDFB0D-6740-48FA-B3BE-FFECCE3E11DC}.Release|Any CPU.Build.0 = Release|Any CPU
	EndGlobalSection
	GlobalSection(SolutionProperties) = preSolution
		HideSolutionNode = FALSE
	EndGlobalSection
	GlobalSection(ExtensibilityGlobals) = postSolution
		SolutionGuid = {E19EBEBB-0B0C-4A5D-8C0B-5355EF0254CB}
	EndGlobalSection
EndGlobal
